
Microsoft Visual Studio Solution File, Format Version 12.00
# Visual Studio 2012
Project("{FAE04EC0-301F-11D3-BF4B-00C04F79EFBC}") = "SpatialElementGeometryCalculator", "SpatialElementGeometryCalculator\SpatialElementGeometryCalculator.csproj", "{BA5BFBB0-F6DD-48CD-ACD7-FB4178A1D4AF}"
EndProject
Global
	GlobalSection(SolutionConfigurationPlatforms) = preSolution
		Debug|Any CPU = Debug|Any CPU
		Release|Any CPU = Release|Any CPU
	EndGlobalSection
	GlobalSection(ProjectConfigurationPlatforms) = postSolution
		{BA5BFBB0-F6DD-48CD-ACD7-FB4178A1D4AF}.Debug|Any CPU.ActiveCfg = Debug|Any CPU
		{BA5BFBB0-F6DD-48CD-ACD7-FB4178A1D4AF}.Debug|Any CPU.Build.0 = Debug|Any CPU
		{BA5BFBB0-F6DD-48CD-ACD7-FB4178A1D4AF}.Release|Any CPU.ActiveCfg = Release|Any CPU
		{BA5BFBB0-F6DD-48CD-ACD7-FB4178A1D4AF}.Release|Any CPU.Build.0 = Release|Any CPU
	EndGlobalSection
	GlobalSection(SolutionProperties) = preSolution
		HideSolutionNode = FALSE
	EndGlobalSection
EndGlobal
